Microsoft Visual Studio Solution File, Format Version 12.00
# Visual Studio Version 17
VisualStudioVersion = 17.5.33516.290
MinimumVisualStudioVersion = 10.0.40219.1
Project("{9A19103F-16F7-4668-BE54-9A1E7A4F7556}") = "CalendarWebApi", "CalendarWebApi\CalendarWebApi.csproj", "{AF7CD3F0-A408-4C7A-8EE1-09B0CEC98DD8}"
EndProject
Project("{9A19103F-16F7-4668-BE54-9A1E7A4F7556}") = "CalendarTests", "CalendarTests\CalendarTests.csproj", "{7E0FB863-71C0-4A92-AB8D-C0E971213272}"
EndProject
Project("{2150E333-8FDC-42A3-9474-1A3956D46DE8}") = "Solution Items", "Solution Items", "{D46E4CA0-6932-4994-87AD-8FBD96457948}"
	ProjectSection(SolutionItems) = preProject
		hackerrank.yml = hackerrank.yml
		README.md = README.md
	EndProjectSection
EndProject
Global
	GlobalSection(SolutionConfigurationPlatforms) = preSolution
		Debug|Any CPU = Debug|Any CPU
		Release|Any CPU = Release|Any CPU
	EndGlobalSection
	GlobalSection(ProjectConfigurationPlatforms) = postSolution
		{AF7CD3F0-A408-4C7A-8EE1-09B0CEC98DD8}.Debug|Any CPU.ActiveCfg = Debug|Any CPU
		{AF7CD3F0-A408-4C7A-8EE1-09B0CEC98DD8}.Debug|Any CPU.Build.0 = Debug|Any CPU
		{AF7CD3F0-A408-4C7A-8EE1-09B0CEC98DD8}.Release|Any CPU.ActiveCfg = Release|Any CPU
		{AF7CD3F0-A408-4C7A-8EE1-09B0CEC98DD8}.Release|Any CPU.Build.0 = Release|Any CPU
		{7E0FB863-71C0-4A92-AB8D-C0E971213272}.Debug|Any CPU.ActiveCfg = Debug|Any CPU
		{7E0FB863-71C0-4A92-AB8D-C0E971213272}.Debug|Any CPU.Build.0 = Debug|Any CPU
		{7E0FB863-71C0-4A92-AB8D-C0E971213272}.Release|Any CPU.ActiveCfg = Release|Any CPU
		{7E0FB863-71C0-4A92-AB8D-C0E971213272}.Release|Any CPU.Build.0 = Release|Any CPU
	EndGlobalSection
	GlobalSection(SolutionProperties) = preSolution
		HideSolutionNode = FALSE
	EndGlobalSection
	GlobalSection(ExtensibilityGlobals) = postSolution
		SolutionGuid = {91FDD7F3-A598-40A3-8F2E-0E6ABEDDE53D}
	EndGlobalSection
EndGlobal
